{
    "_readme": [
        "This file locks the dependencies of your project to a known state",
        "Read more about it at https://getcomposer.org/doc/01-basic-usage.md#installing-dependencies",
        "This file is @generated automatically"
    ],
    "content-hash": "25caa677e4e23fd8b3509290d769f7d3",
    "packages": [
        {
            "name": "joshtronic/php-projecthoneypot",
            "version": "dev-master",
            "source": {
                "type": "git",
                "url": "https://github.com/joshtronic/php-projecthoneypot.git",
                "reference": "340711b331c7eb33675c4540f4f125ccc2e443d8"
            },
            "dist": {
                "type": "zip",
                "url": "https://api.github.com/repos/joshtronic/php-projecthoneypot/zipball/340711b331c7eb33675c4540f4f125ccc2e443d8",
                "reference": "340711b331c7eb33675c4540f4f125ccc2e443d8",
                "shasum": ""
            },
            "require-dev": {
                "satooshi/php-coveralls": "dev-master"
            },
            "type": "library",
            "autoload": {
                "psr-4": {
                    "joshtronic\\": "src/"
                }
            },
            "notification-url": "https://packagist.org/downloads/",
            "license": [
                "MIT"
            ],
            "authors": [
                {
                    "name": "Josh Sherman",
                    "email": "hello@joshtronic.com",
                    "homepage": "http://joshtronic.com"
                }
            ],
            "description": "PHP Wrapper for Project Honey Pot",
            "homepage": "https://github.com/joshtronic/php-projecthoneypot",
            "keywords": [
                "api",
                "honey",
                "pot",
                "project",
                "spam",
                "spammer"
            ],
            "time": "2020-03-03T02:55:28+00:00"
        },
        {
            "name": "wesbos/burner-email-providers",
            "version": "dev-master",
            "source": {
                "type": "git",
                "url": "https://github.com/wesbos/burner-email-providers.git",
                "reference": "e08d5fdd01b7331263f49263153ccd73edfa7830"
            },
            "dist": {
                "type": "zip",
                "url": "https://api.github.com/repos/wesbos/burner-email-providers/zipball/e08d5fdd01b7331263f49263153ccd73edfa7830",
                "reference": "e08d5fdd01b7331263f49263153ccd73edfa7830",
                "shasum": ""
            },
            "type": "library",
            "extra": {
                "branch-alias": {
                    "dev-master": "1.0.x-dev"
                }
            },
            "license": [
                "proprietary"
            ],
            "authors": [
                {
                    "name": "Wes Bos & contributors"
                }
            ],
            "description": "A list of burner email providers.",
            "keywords": [
                "email"
            ],
            "support": {
                "source": "https://github.com/wesbos/burner-email-providers",
                "issues": "https://github.com/wesbos/burner-email-providers/issues"
            },
            "time": "2020-04-17T10:43:27+00:00"
        }
    ],
    "packages-dev": [],
    "aliases": [],
    "minimum-stability": "stable",
    "stability-flags": {
        "joshtronic/php-projecthoneypot": 20,
        "wesbos/burner-email-providers": 20
    },
    "prefer-stable": false,
    "prefer-lowest": false,
    "platform": {
        "ext-pdo": "*",
        "ext-json": "*",
        "ext-curl": "*"
    },
    "platform-dev": []
}
